
Microsoft Visual Studio Solution File, Format Version 12.00
# Visual Studio Version 16
VisualStudioVersion = 16.0.31410.357
MinimumVisualStudioVersion = 10.0.40219.1
Project("{8BC9CEB8-8B4A-11D0-8D11-00A0C91BC942}") = "maximum number (1)", "maximum number (1)\maximum number (1).vcxproj", "{B35859E1-FBFF-43B2-AE83-AAF9890C17C2}"
EndProject
Global
	GlobalSection(SolutionConfigurationPlatforms) = preSolution
		Debug|x64 = Debug|x64
		Debug|x86 = Debug|x86
		Release|x64 = Release|x64
		Release|x86 = Release|x86
	EndGlobalSection
	GlobalSection(ProjectConfigurationPlatforms) = postSolution
		{B35859E1-FBFF-43B2-AE83-AAF9890C17C2}.Debug|x64.ActiveCfg = Debug|x64
		{B35859E1-FBFF-43B2-AE83-AAF9890C17C2}.Debug|x64.Build.0 = Debug|x64
		{B35859E1-FBFF-43B2-AE83-AAF9890C17C2}.Debug|x86.ActiveCfg = Debug|Win32
		{B35859E1-FBFF-43B2-AE83-AAF9890C17C2}.Debug|x86.Build.0 = Debug|Win32
		{B35859E1-FBFF-43B2-AE83-AAF9890C17C2}.Release|x64.ActiveCfg = Release|x64
		{B35859E1-FBFF-43B2-AE83-AAF9890C17C2}.Release|x64.Build.0 = Release|x64
		{B35859E1-FBFF-43B2-AE83-AAF9890C17C2}.Release|x86.ActiveCfg = Release|Win32
		{B35859E1-FBFF-43B2-AE83-AAF9890C17C2}.Release|x86.Build.0 = Release|Win32
	EndGlobalSection
	GlobalSection(SolutionProperties) = preSolution
		HideSolutionNode = FALSE
	EndGlobalSection
	GlobalSection(ExtensibilityGlobals) = postSolution
		SolutionGuid = {C0BF1AF8-4E30-4011-944B-1DEE2F2D9EFF}
	EndGlobalSection
EndGlobal
